// !$*UTF8*$!
{
	archiveVersion = 1;
	classes = {
	};
	objectVersion = 46;
	objects = {

/* Begin PBXBuildFile section */
		DD259B0B1A6D55CE00DEED0E /* FetchData.swift in Sources */ = {isa = PBXBuildFile; fileRef = DD259B0A1A6D55CE00DEED0E /* FetchData.swift */; };
		DD67DD0C1A6D53EB00B32E4B /* AppDelegate.swift in Sources */ = {isa = PBXBuildFile; fileRef = DD67DD0B1A6D53EB00B32E4B /* AppDelegate.swift */; };
		DD67DD0E1A6D53EB00B32E4B /* ViewController.swift in Sources */ = {isa = PBXBuildFile; fileRef = DD67DD0D1A6D53EB00B32E4B /* ViewController.swift */; };
		DD67DD111A6D53EB00B32E4B /* Main.storyboard in Resources */ = {isa = PBXBuildFile; fileRef = DD67DD0F1A6D53EB00B32E4B /* Main.storyboard */; };
		DD67DD131A6D53EB00B32E4B /* Images.xcassets in Resources */ = {isa = PBXBuildFile; fileRef = DD67DD121A6D53EB00B32E4B /* Images.xcassets */; };
		DD67DD161A6D53EB00B32E4B /* LaunchScreen.xib in Resources */ = {isa = PBXBuildFile; fileRef = DD67DD141A6D53EB00B32E4B /* LaunchScreen.xib */; };
		DD67DD221A6D53EB00B32E4B /* Super_Awesome_Weather_AppTests.swift in Sources */ = {isa = PBXBuildFile; fileRef = DD67DD211A6D53EB00B32E4B /* Super_Awesome_Weather_AppTests.swift */; };
		DD67DD2C1A6D548300B32E4B /* Weather.swift in Sources */ = {isa = PBXBuildFile; fileRef = DD67DD2B1A6D548300B32E4B /* Weather.swift */; };
		DD67DD2E1A6D549200B32E4B /* Location.swift in Sources */ = {isa = PBXBuildFile; fileRef = DD67DD2D1A6D549200B32E4B /* Location.swift */; };
		DDAC1A051A6E8D6900B885CE /* model.json in Resources */ = {isa = PBXBuildFile; fileRef = DDAC1A041A6E8D6900B885CE /* model.json */; };
/* End PBXBuildFile section */

/* Begin PBXContainerItemProxy section */
		DD67DD1C1A6D53EB00B32E4B /* PBXContainerItemProxy */ = {
			isa = PBXContainerItemProxy;
			containerPortal = DD67DCFE1A6D53EB00B32E4B /* Project object */;
			proxyType = 1;
			remoteGlobalIDString = DD67DD051A6D53EB00B32E4B;
			remoteInfo = "Super Awesome Weather App";
		};
/* End PBXContainerItemProxy section */

/* Begin PBXFileReference section */
		DD259B0A1A6D55CE00DEED0E /* FetchData.swift */ = {isa = PBXFileReference; fileEncoding = 4; lastKnownFileType = sourcecode.swift; path = FetchData.swift; sourceTree = "<group>"; };
		DD67DD061A6D53EB00B32E4B /* Super Awesome Weather App.app */ = {isa = PBXFileReference; explicitFileType = wrapper.application; includeInIndex = 0; path = "Super Awesome Weather App.app"; sourceTree = BUILT_PRODUCTS_DIR; };
		DD67DD0A1A6D53EB00B32E4B /* Info.plist */ = {isa = PBXFileReference; lastKnownFileType = text.plist.xml; path = Info.plist; sourceTree = "<group>"; };
		DD67DD0B1A6D53EB00B32E4B /* AppDelegate.swift */ = {isa = PBXFileReference; lastKnownFileType = sourcecode.swift; path = AppDelegate.swift; sourceTree = "<group>"; };
		DD67DD0D1A6D53EB00B32E4B /* ViewController.swift */ = {isa = PBXFileReference; lastKnownFileType = sourcecode.swift; path = ViewController.swift; sourceTree = "<group>"; };
		DD67DD101A6D53EB00B32E4B /* Base */ = {isa = PBXFileReference; lastKnownFileType = file.storyboard; name = Base; path = Base.lproj/Main.storyboard; sourceTree = "<group>"; };
		DD67DD121A6D53EB00B32E4B /* Images.xcassets */ = {isa = PBXFileReference; lastKnownFileType = folder.assetcatalog; path = Images.xcassets; sourceTree = "<group>"; };
		DD67DD151A6D53EB00B32E4B /* Base */ = {isa = PBXFileReference; lastKnownFileType = file.xib; name = Base; path = Base.lproj/LaunchScreen.xib; sourceTree = "<group>"; };
		DD67DD1B1A6D53EB00B32E4B /* Super Awesome Weather AppTests.xctest */ = {isa = PBXFileReference; explicitFileType = wrapper.cfbundle; includeInIndex = 0; path = "Super Awesome Weather AppTests.xctest"; sourceTree = BUILT_PRODUCTS_DIR; };
		DD67DD201A6D53EB00B32E4B /* Info.plist */ = {isa = PBXFileReference; lastKnownFileType = text.plist.xml; path = Info.plist; sourceTree = "<group>"; };
		DD67DD211A6D53EB00B32E4B /* Super_Awesome_Weather_AppTests.swift */ = {isa = PBXFileReference; lastKnownFileType = sourcecode.swift; path = Super_Awesome_Weather_AppTests.swift; sourceTree = "<group>"; };
		DD67DD2B1A6D548300B32E4B /* Weather.swift */ = {isa = PBXFileReference; fileEncoding = 4; lastKnownFileType = sourcecode.swift; path = Weather.swift; sourceTree = "<group>"; };
		DD67DD2D1A6D549200B32E4B /* Location.swift */ = {isa = PBXFileReference; fileEncoding = 4; lastKnownFileType = sourcecode.swift; path = Location.swift; sourceTree = "<group>"; };
		DDAC1A041A6E8D6900B885CE /* model.json */ = {isa = PBXFileReference; fileEncoding = 4; lastKnownFileType = text.json; path = model.json; sourceTree = "<group>"; };
/* End PBXFileReference section */

/* Begin PBXFrameworksBuildPhase section */
		DD67DD031A6D53EB00B32E4B /* Frameworks */ = {
			isa = PBXFrameworksBuildPhase;
			buildActionMask = 2147483647;
			files = (
			);
			runOnlyForDeploymentPostprocessing = 0;
		};
		DD67DD181A6D53EB00B32E4B /* Frameworks */ = {
			isa = PBXFrameworksBuildPhase;
			buildActionMask = 2147483647;
			files = (
			);
			runOnlyForDeploymentPostprocessing = 0;
		};
/* End PBXFrameworksBuildPhase section */

/* Begin PBXGroup section */
		DD67DCFD1A6D53EB00B32E4B = {
			isa = PBXGroup;
			children = (
				DD67DD081A6D53EB00B32E4B /* Super Awesome Weather App */,
				DD67DD1E1A6D53EB00B32E4B /* Super Awesome Weather AppTests */,
				DD67DD071A6D53EB00B32E4B /* Products */,
			);
			sourceTree = "<group>";
		};
		DD67DD071A6D53EB00B32E4B /* Products */ = {
			isa = PBXGroup;
			children = (
				DD67DD061A6D53EB00B32E4B /* Super Awesome Weather App.app */,
				DD67DD1B1A6D53EB00B32E4B /* Super Awesome Weather AppTests.xctest */,
			);
			name = Products;
			sourceTree = "<group>";
		};
		DD67DD081A6D53EB00B32E4B /* Super Awesome Weather App */ = {
			isa = PBXGroup;
			children = (
				DD67DD0B1A6D53EB00B32E4B /* AppDelegate.swift */,
				DD67DD0D1A6D53EB00B32E4B /* ViewController.swift */,
				DD67DD0F1A6D53EB00B32E4B /* Main.storyboard */,
				DD67DD121A6D53EB00B32E4B /* Images.xcassets */,
				DD67DD141A6D53EB00B32E4B /* LaunchScreen.xib */,
				DD67DD091A6D53EB00B32E4B /* Supporting Files */,
				DD67DD2B1A6D548300B32E4B /* Weather.swift */,
				DD67DD2D1A6D549200B32E4B /* Location.swift */,
				DD259B0A1A6D55CE00DEED0E /* FetchData.swift */,
				DDAC1A041A6E8D6900B885CE /* model.json */,
			);
			path = "Super Awesome Weather App";
			sourceTree = "<group>";
		};
		DD67DD091A6D53EB00B32E4B /* Supporting Files */ = {
			isa = PBXGroup;
			children = (
				DD67DD0A1A6D53EB00B32E4B /* Info.plist */,
			);
			name = "Supporting Files";
			sourceTree = "<group>";
		};
		DD67DD1E1A6D53EB00B32E4B /* Super Awesome Weather AppTests */ = {
			isa = PBXGroup;
			children = (
				DD67DD211A6D53EB00B32E4B /* Super_Awesome_Weather_AppTests.swift */,
				DD67DD1F1A6D53EB00B32E4B /* Supporting Files */,
			);
			path = "Super Awesome Weather AppTests";
			sourceTree = "<group>";
		};
		DD67DD1F1A6D53EB00B32E4B /* Supporting Files */ = {
			isa = PBXGroup;
			children = (
				DD67DD201A6D53EB00B32E4B /* Info.plist */,
			);
			name = "Supporting Files";
			sourceTree = "<group>";
		};
/* End PBXGroup section */

/* Begin PBXNativeTarget section */
		DD67DD051A6D53EB00B32E4B /* Super Awesome Weather App */ = {
			isa = PBXNativeTarget;
			buildConfigurationList = DD67DD251A6D53EB00B32E4B /* Build configuration list for PBXNativeTarget "Super Awesome Weather App" */;
			buildPhases = (
				DD67DD021A6D53EB00B32E4B /* Sources */,
				DD67DD031A6D53EB00B32E4B /* Frameworks */,
				DD67DD041A6D53EB00B32E4B /* Resources */,
			);
			buildRules = (
			);
			dependencies = (
			);
			name = "Super Awesome Weather App";
			productName = "Super Awesome Weather App";
			productReference = DD67DD061A6D53EB00B32E4B /* Super Awesome Weather App.app */;
			productType = "com.apple.product-type.application";
		};
		DD67DD1A1A6D53EB00B32E4B /* Super Awesome Weather AppTests */ = {
			isa = PBXNativeTarget;
			buildConfigurationList = DD67DD281A6D53EB00B32E4B /* Build configuration list for PBXNativeTarget "Super Awesome Weather AppTests" */;
			buildPhases = (
				DD67DD171A6D53EB00B32E4B /* Sources */,
				DD67DD181A6D53EB00B32E4B /* Frameworks */,
				DD67DD191A6D53EB00B32E4B /* Resources */,
			);
			buildRules = (
			);
			dependencies = (
				DD67DD1D1A6D53EB00B32E4B /* PBXTargetDependency */,
			);
			name = "Super Awesome Weather AppTests";
			productName = "Super Awesome Weather AppTests";
			productReference = DD67DD1B1A6D53EB00B32E4B /* Super Awesome Weather AppTests.xctest */;
			productType = "com.apple.product-type.bundle.unit-test";
		};
/* End PBXNativeTarget section */

/* Begin PBXProject section */
		DD67DCFE1A6D53EB00B32E4B /* Project object */ = {
			isa = PBXProject;
			attributes = {
				LastUpgradeCheck = 0610;
				ORGANIZATIONNAME = "Jonas Schramm";
				TargetAttributes = {
					DD67DD051A6D53EB00B32E4B = {
						CreatedOnToolsVersion = 6.1.1;
					};
					DD67DD1A1A6D53EB00B32E4B = {
						CreatedOnToolsVersion = 6.1.1;
						TestTargetID = DD67DD051A6D53EB00B32E4B;
					};
				};
			};
			buildConfigurationList = DD67DD011A6D53EB00B32E4B /* Build configuration list for PBXProject "Super Awesome Weather App" */;
			compatibilityVersion = "Xcode 3.2";
			developmentRegion = English;
			hasScannedForEncodings = 0;
			knownRegions = (
				en,
				Base,
			);
			mainGroup = DD67DCFD1A6D53EB00B32E4B;
			productRefGroup = DD67DD071A6D53EB00B32E4B /* Products */;
			projectDirPath = "";
			projectRoot = "";
			targets = (
				DD67DD051A6D53EB00B32E4B /* Super Awesome Weather App */,
				DD67DD1A1A6D53EB00B32E4B /* Super Awesome Weather AppTests */,
			);
		};
/* End PBXProject section */

/* Begin PBXResourcesBuildPhase section */
		DD67DD041A6D53EB00B32E4B /* Resources */ = {
			isa = PBXResourcesBuildPhase;
			buildActionMask = 2147483647;
			files = (
				DD67DD111A6D53EB00B32E4B /* Main.storyboard in Resources */,
				DD67DD161A6D53EB00B32E4B /* LaunchScreen.xib in Resources */,
				DD67DD131A6D53EB00B32E4B /* Images.xcassets in Resources */,
				DDAC1A051A6E8D6900B885CE /* model.json in Resources */,
			);
			runOnlyForDeploymentPostprocessing = 0;
		};
		DD67DD191A6D53EB00B32E4B /* Resources */ = {
			isa = PBXResourcesBuildPhase;
			buildActionMask = 2147483647;
			files = (
			);
			runOnlyForDeploymentPostprocessing = 0;
		};
/* End PBXResourcesBuildPhase section */

/* Begin PBXSourcesBuildPhase section */
		DD67DD021A6D53EB00B32E4B /* Sources */ = {
			isa = PBXSourcesBuildPhase;
			buildActionMask = 2147483647;
			files = (
				DD67DD0E1A6D53EB00B32E4B /* ViewController.swift in Sources */,
				DD67DD2C1A6D548300B32E4B /* Weather.swift in Sources */,
				DD259B0B1A6D55CE00DEED0E /* FetchData.swift in Sources */,
				DD67DD2E1A6D549200B32E4B /* Location.swift in Sources */,
				DD67DD0C1A6D53EB00B32E4B /* AppDelegate.swift in Sources */,
			);
			runOnlyForDeploymentPostprocessing = 0;
		};
		DD67DD171A6D53EB00B32E4B /* Sources */ = {
			isa = PBXSourcesBuildPhase;
			buildActionMask = 2147483647;
			files = (
				DD67DD221A6D53EB00B32E4B /* Super_Awesome_Weather_AppTests.swift in Sources */,
			);
			runOnlyForDeploymentPostprocessing = 0;
		};
/* End PBXSourcesBuildPhase section */

/* Begin PBXTargetDependency section */
		DD67DD1D1A6D53EB00B32E4B /* PBXTargetDependency */ = {
			isa = PBXTargetDependency;
			target = DD67DD051A6D53EB00B32E4B /* Super Awesome Weather App */;
			targetProxy = DD67DD1C1A6D53EB00B32E4B /* PBXContainerItemProxy */;
		};
/* End PBXTargetDependency section */

/* Begin PBXVariantGroup section */
		DD67DD0F1A6D53EB00B32E4B /* Main.storyboard */ = {
			isa = PBXVariantGroup;
			children = (
				DD67DD101A6D53EB00B32E4B /* Base */,
			);
			name = Main.storyboard;
			sourceTree = "<group>";
		};
		DD67DD141A6D53EB00B32E4B /* LaunchScreen.xib */ = {
			isa = PBXVariantGroup;
			children = (
				DD67DD151A6D53EB00B32E4B /* Base */,
			);
			name = LaunchScreen.xib;
			sourceTree = "<group>";
		};
/* End PBXVariantGroup section */

/* Begin XCBuildConfiguration section */
		DD67DD231A6D53EB00B32E4B /* Debug */ = {
			isa = XCBuildConfiguration;
			buildSettings = {
				ALWAYS_SEARCH_USER_PATHS = NO;
				CLANG_CXX_LANGUAGE_STANDARD = "gnu++0x";
				CLANG_CXX_LIBRARY = "libc++";
				CLANG_ENABLE_MODULES = YES;
				CLANG_ENABLE_OBJC_ARC = YES;
				CLANG_WARN_BOOL_CONVERSION = YES;
				CLANG_WARN_CONSTANT_CONVERSION = YES;
				CLANG_WARN_DIRECT_OBJC_ISA_USAGE = YES_ERROR;
				CLANG_WARN_EMPTY_BODY = YES;
				CLANG_WARN_ENUM_CONVERSION = YES;
				CLANG_WARN_INT_CONVERSION = YES;
				CLANG_WARN_OBJC_ROOT_CLASS = YES_ERROR;
				CLANG_WARN_UNREACHABLE_CODE = YES;
				CLANG_WARN__DUPLICATE_METHOD_MATCH = YES;
				"CODE_SIGN_IDENTITY[sdk=iphoneos*]" = "iPhone Developer";
				COPY_PHASE_STRIP = NO;
				ENABLE_STRICT_OBJC_MSGSEND = YES;
				GCC_C_LANGUAGE_STANDARD = gnu99;
				GCC_DYNAMIC_NO_PIC = NO;
				GCC_OPTIMIZATION_LEVEL = 0;
				GCC_PREPROCESSOR_DEFINITIONS = (
					"DEBUG=1",
					"$(inherited)",
				);
				GCC_SYMBOLS_PRIVATE_EXTERN = NO;
				GCC_WARN_64_TO_32_BIT_CONVERSION = YES;
				GCC_WARN_ABOUT_RETURN_TYPE = YES_ERROR;
				GCC_WARN_UNDECLARED_SELECTOR = YES;
				GCC_WARN_UNINITIALIZED_AUTOS = YES_AGGRESSIVE;
				GCC_WARN_UNUSED_FUNCTION = YES;
				GCC_WARN_UNUSED_VARIABLE = YES;
				IPHONEOS_DEPLOYMENT_TARGET = 8.1;
				MTL_ENABLE_DEBUG_INFO = YES;
				ONLY_ACTIVE_ARCH = YES;
				SDKROOT = iphoneos;
				SWIFT_OPTIMIZATION_LEVEL = "-Onone";
				TARGETED_DEVICE_FAMILY = "1,2";
			};
			name = Debug;
		};
		DD67DD241A6D53EB00B32E4B /* Release */ = {
			isa = XCBuildConfiguration;
			buildSettings = {
				ALWAYS_SEARCH_USER_PATHS = NO;
				CLANG_CXX_LANGUAGE_STANDARD = "gnu++0x";
				CLANG_CXX_LIBRARY = "libc++";
				CLANG_ENABLE_MODULES = YES;
				CLANG_ENABLE_OBJC_ARC = YES;
				CLANG_WARN_BOOL_CONVERSION = YES;
				CLANG_WARN_CONSTANT_CONVERSION = YES;
				CLANG_WARN_DIRECT_OBJC_ISA_USAGE = YES_ERROR;
				CLANG_WARN_EMPTY_BODY = YES;
				CLANG_WARN_ENUM_CONVERSION = YES;
				CLANG_WARN_INT_CONVERSION = YES;
				CLANG_WARN_OBJC_ROOT_CLASS = YES_ERROR;
				CLANG_WARN_UNREACHABLE_CODE = YES;
				CLANG_WARN__DUPLICATE_METHOD_MATCH = YES;
				"CODE_SIGN_IDENTITY[sdk=iphoneos*]" = "iPhone Developer";
				COPY_PHASE_STRIP = YES;
				ENABLE_NS_ASSERTIONS = NO;
				ENABLE_STRICT_OBJC_MSGSEND = YES;
				GCC_C_LANGUAGE_STANDARD = gnu99;
				GCC_WARN_64_TO_32_BIT_CONVERSION = YES;
				GCC_WARN_ABOUT_RETURN_TYPE = YES_ERROR;
				GCC_WARN_UNDECLARED_SELECTOR = YES;
				GCC_WARN_UNINITIALIZED_AUTOS = YES_AGGRESSIVE;
				GCC_WARN_UNUSED_FUNCTION = YES;
				GCC_WARN_UNUSED_VARIABLE = YES;
				IPHONEOS_DEPLOYMENT_TARGET = 8.1;
				MTL_ENABLE_DEBUG_INFO = NO;
				SDKROOT = iphoneos;
				TARGETED_DEVICE_FAMILY = "1,2";
				VALIDATE_PRODUCT = YES;
			};
			name = Release;
		};
		DD67DD261A6D53EB00B32E4B /* Debug */ = {
			isa = XCBuildConfiguration;
			buildSettings = {
				ASSETCATALOG_COMPILER_APPICON_NAME = AppIcon;
				INFOPLIST_FILE = "Super Awesome Weather App/Info.plist";
				LD_RUNPATH_SEARCH_PATHS = "$(inherited) @executable_path/Frameworks";
				PRODUCT_NAME = "$(TARGET_NAME)";
			};
			name = Debug;
		};
		DD67DD271A6D53EB00B32E4B /* Release */ = {
			isa = XCBuildConfiguration;
			buildSettings = {
				ASSETCATALOG_COMPILER_APPICON_NAME = AppIcon;
				INFOPLIST_FILE = "Super Awesome Weather App/Info.plist";
				LD_RUNPATH_SEARCH_PATHS = "$(inherited) @executable_path/Frameworks";
				PRODUCT_NAME = "$(TARGET_NAME)";
			};
			name = Release;
		};
		DD67DD291A6D53EB00B32E4B /* Debug */ = {
			isa = XCBuildConfiguration;
			buildSettings = {
				BUNDLE_LOADER = "$(TEST_HOST)";
				FRAMEWORK_SEARCH_PATHS = (
					"$(SDKROOT)/Developer/Library/Frameworks",
					"$(inherited)",
				);
				GCC_PREPROCESSOR_DEFINITIONS = (
					"DEBUG=1",
					"$(inherited)",
				);
				INFOPLIST_FILE = "Super Awesome Weather AppTests/Info.plist";
				LD_RUNPATH_SEARCH_PATHS = "$(inherited) @executable_path/Frameworks @loader_path/Frameworks";
				PRODUCT_NAME = "$(TARGET_NAME)";
				TEST_HOST = "$(BUILT_PRODUCTS_DIR)/Super Awesome Weather App.app/Super Awesome Weather App";
			};
			name = Debug;
		};
		DD67DD2A1A6D53EB00B32E4B /* Release */ = {
			isa = XCBuildConfiguration;
			buildSettings = {
				BUNDLE_LOADER = "$(TEST_HOST)";
				FRAMEWORK_SEARCH_PATHS = (
					"$(SDKROOT)/Developer/Library/Frameworks",
					"$(inherited)",
				);
				INFOPLIST_FILE = "Super Awesome Weather AppTests/Info.plist";
				LD_RUNPATH_SEARCH_PATHS = "$(inherited) @executable_path/Frameworks @loader_path/Frameworks";
				PRODUCT_NAME = "$(TARGET_NAME)";
				TEST_HOST = "$(BUILT_PRODUCTS_DIR)/Super Awesome Weather App.app/Super Awesome Weather App";
			};
			name = Release;
		};
/* End XCBuildConfiguration section */

/* Begin XCConfigurationList section */
		DD67DD011A6D53EB00B32E4B /* Build configuration list for PBXProject "Super Awesome Weather App" */ = {
			isa = XCConfigurationList;
			buildConfigurations = (
				DD67DD231A6D53EB00B32E4B /* Debug */,
				DD67DD241A6D53EB00B32E4B /* Release */,
			);
			defaultConfigurationIsVisible = 0;
			defaultConfigurationName = Release;
		};
		DD67DD251A6D53EB00B32E4B /* Build configuration list for PBXNativeTarget "Super Awesome Weather App" */ = {
			isa = XCConfigurationList;
			buildConfigurations = (
				DD67DD261A6D53EB00B32E4B /* Debug */,
				DD67DD271A6D53EB00B32E4B /* Release */,
			);
			defaultConfigurationIsVisible = 0;
			defaultConfigurationName = Release;
		};
		DD67DD281A6D53EB00B32E4B /* Build configuration list for PBXNativeTarget "Super Awesome Weather AppTests" */ = {
			isa = XCConfigurationList;
			buildConfigurations = (
				DD67DD291A6D53EB00B32E4B /* Debug */,
				DD67DD2A1A6D53EB00B32E4B /* Release */,
			);
			defaultConfigurationIsVisible = 0;
			defaultConfigurationName = Release;
		};
/* End XCConfigurationList section */
	};
	rootObject = DD67DCFE1A6D53EB00B32E4B /* Project object */;
}
